{
  "name": "yoga-pilates-api",
  "version": "1.0.0",
  "description": "API REST para gestión de reservas de clases de Yoga/Pilates.",
  "main": "server.js",
  "scripts": {
    "start": "node server.js",
    "test": "jest"
  },
  "dependencies": {
    "cors": "^2.8.5",
    "express": "^4.18.2",
    "uuid": "^9.0.1"
  },
  "devDependencies": {
    "jest": "^29.7.0",
    "supertest": "^6.3.3"
  }
}
